uuid: e99c09d7-c85b-400f-8622-6eb345ae6abd
langcode: en
status: true
dependencies:
  module:
    - spacebase_core
    - system
  theme:
    - spacebase
id: orgadvancedsearchblock
theme: spacebase
region: topbar
weight: 0
provider: null
plugin: org_advanced_search
settings:
  id: org_advanced_search
  label: 'Org Advanced Search Block'
  provider: spacebase_core
  label_display: '0'
visibility:
  request_path:
    id: request_path
    pages: /search/organizations
    negate: false
    context_mapping: {  }
